// !$*UTF8*$!
{
	archiveVersion = 1;
	classes = {
	};
	objectVersion = 50;
	objects = {

/* Begin PBXBuildFile section */
		25CB3EAD695CA1A359853DEB /* Pods_StarShip.framework in Frameworks */ = {isa = PBXBuildFile; fileRef = D6529D5053075C7406570145 /* Pods_StarShip.framework */; };
		8D8224BD262EC60F00633F83 /* StarShip.swift in Sources */ = {isa = PBXBuildFile; fileRef = 8D8224BC262EC60F00633F83 /* StarShip.swift */; };
		8D8224C0262ECAED00633F83 /* StarList.swift in Sources */ = {isa = PBXBuildFile; fileRef = 8D8224BF262ECAED00633F83 /* StarList.swift */; };
		8DA4111F262DAC07005B260E /* AppDelegate.swift in Sources */ = {isa = PBXBuildFile; fileRef = 8DA4111E262DAC07005B260E /* AppDelegate.swift */; };
		8DA41121262DAC07005B260E /* SceneDelegate.swift in Sources */ = {isa = PBXBuildFile; fileRef = 8DA41120262DAC07005B260E /* SceneDelegate.swift */; };
		8DA41123262DAC07005B260E /* ShipListController.swift in Sources */ = {isa = PBXBuildFile; fileRef = 8DA41122262DAC07005B260E /* ShipListController.swift */; };
		8DA41126262DAC07005B260E /* Main.storyboard in Resources */ = {isa = PBXBuildFile; fileRef = 8DA41124262DAC07005B260E /* Main.storyboard */; };
		8DA41128262DAC09005B260E /* Assets.xcassets in Resources */ = {isa = PBXBuildFile; fileRef = 8DA41127262DAC09005B260E /* Assets.xcassets */; };
		8DA4112B262DAC09005B260E /* LaunchScreen.storyboard in Resources */ = {isa = PBXBuildFile; fileRef = 8DA41129262DAC09005B260E /* LaunchScreen.storyboard */; };
		8DA41139262DCFD6005B260E /* NSObjectExtension.swift in Sources */ = {isa = PBXBuildFile; fileRef = 8DA41138262DCFD6005B260E /* NSObjectExtension.swift */; };
		8DA41140262DD020005B260E /* UIViewControllerExtension.swift in Sources */ = {isa = PBXBuildFile; fileRef = 8DA4113F262DD020005B260E /* UIViewControllerExtension.swift */; };
		8DA41143262DD048005B260E /* Storyboards.swift in Sources */ = {isa = PBXBuildFile; fileRef = 8DA41142262DD048005B260E /* Storyboards.swift */; };
		8DA41147262DD19B005B260E /* ShipDescriptionController.swift in Sources */ = {isa = PBXBuildFile; fileRef = 8DA41146262DD19B005B260E /* ShipDescriptionController.swift */; };
/* End PBXBuildFile section */

/* Begin PBXFileReference section */
		8D8224BC262EC60F00633F83 /* StarShip.swift */ = {isa = PBXFileReference; lastKnownFileType = sourcecode.swift; path = StarShip.swift; sourceTree = "<group>"; };
		8D8224BF262ECAED00633F83 /* StarList.swift */ = {isa = PBXFileReference; lastKnownFileType = sourcecode.swift; path = StarList.swift; sourceTree = "<group>"; };
		8DA4111B262DAC06005B260E /* StarShip.app */ = {isa = PBXFileReference; explicitFileType = wrapper.application; includeInIndex = 0; path = StarShip.app; sourceTree = BUILT_PRODUCTS_DIR; };
		8DA4111E262DAC07005B260E /* AppDelegate.swift */ = {isa = PBXFileReference; lastKnownFileType = sourcecode.swift; path = AppDelegate.swift; sourceTree = "<group>"; };
		8DA41120262DAC07005B260E /* SceneDelegate.swift */ = {isa = PBXFileReference; lastKnownFileType = sourcecode.swift; path = SceneDelegate.swift; sourceTree = "<group>"; };
		8DA41122262DAC07005B260E /* ShipListController.swift */ = {isa = PBXFileReference; lastKnownFileType = sourcecode.swift; path = ShipListController.swift; sourceTree = "<group>"; };
		8DA41125262DAC07005B260E /* Base */ = {isa = PBXFileReference; lastKnownFileType = file.storyboard; name = Base; path = Base.lproj/Main.storyboard; sourceTree = "<group>"; };
		8DA41127262DAC09005B260E /* Assets.xcassets */ = {isa = PBXFileReference; lastKnownFileType = folder.assetcatalog; path = Assets.xcassets; sourceTree = "<group>"; };
		8DA4112A262DAC09005B260E /* Base */ = {isa = PBXFileReference; lastKnownFileType = file.storyboard; name = Base; path = Base.lproj/LaunchScreen.storyboard; sourceTree = "<group>"; };
		8DA4112C262DAC09005B260E /* Info.plist */ = {isa = PBXFileReference; lastKnownFileType = text.plist.xml; path = Info.plist; sourceTree = "<group>"; };
		8DA41138262DCFD6005B260E /* NSObjectExtension.swift */ = {isa = PBXFileReference; lastKnownFileType = sourcecode.swift; path = NSObjectExtension.swift; sourceTree = "<group>"; };
		8DA4113F262DD020005B260E /* UIViewControllerExtension.swift */ = {isa = PBXFileReference; lastKnownFileType = sourcecode.swift; path = UIViewControllerExtension.swift; sourceTree = "<group>"; };
		8DA41142262DD048005B260E /* Storyboards.swift */ = {isa = PBXFileReference; lastKnownFileType = sourcecode.swift; path = Storyboards.swift; sourceTree = "<group>"; };
		8DA41146262DD19B005B260E /* ShipDescriptionController.swift */ = {isa = PBXFileReference; lastKnownFileType = sourcecode.swift; path = ShipDescriptionController.swift; sourceTree = "<group>"; };
		9BC4DBD1DB283C63553E3793 /* Pods-StarShip.release.xcconfig */ = {isa = PBXFileReference; includeInIndex = 1; lastKnownFileType = text.xcconfig; name = "Pods-StarShip.release.xcconfig"; path = "Target Support Files/Pods-StarShip/Pods-StarShip.release.xcconfig"; sourceTree = "<group>"; };
		D6529D5053075C7406570145 /* Pods_StarShip.framework */ = {isa = PBXFileReference; explicitFileType = wrapper.framework; includeInIndex = 0; path = Pods_StarShip.framework; sourceTree = BUILT_PRODUCTS_DIR; };
		FBFA1F2232C2142310C6635B /* Pods-StarShip.debug.xcconfig */ = {isa = PBXFileReference; includeInIndex = 1; lastKnownFileType = text.xcconfig; name = "Pods-StarShip.debug.xcconfig"; path = "Target Support Files/Pods-StarShip/Pods-StarShip.debug.xcconfig"; sourceTree = "<group>"; };
/* End PBXFileReference section */

/* Begin PBXFrameworksBuildPhase section */
		8DA41118262DAC06005B260E /* Frameworks */ = {
			isa = PBXFrameworksBuildPhase;
			buildActionMask = 2147483647;
			files = (
				25CB3EAD695CA1A359853DEB /* Pods_StarShip.framework in Frameworks */,
			);
			runOnlyForDeploymentPostprocessing = 0;
		};
/* End PBXFrameworksBuildPhase section */

/* Begin PBXGroup section */
		594104E774AF223A4EB977D0 /* Pods */ = {
			isa = PBXGroup;
			children = (
				FBFA1F2232C2142310C6635B /* Pods-StarShip.debug.xcconfig */,
				9BC4DBD1DB283C63553E3793 /* Pods-StarShip.release.xcconfig */,
			);
			name = Pods;
			path = Pods;
			sourceTree = "<group>";
		};
		8DA41112262DAC06005B260E = {
			isa = PBXGroup;
			children = (
				8DA4111D262DAC06005B260E /* StarShip */,
				8DA4111C262DAC06005B260E /* Products */,
				594104E774AF223A4EB977D0 /* Pods */,
				975831ED720334CD0135A3AF /* Frameworks */,
			);
			sourceTree = "<group>";
		};
		8DA4111C262DAC06005B260E /* Products */ = {
			isa = PBXGroup;
			children = (
				8DA4111B262DAC06005B260E /* StarShip.app */,
			);
			name = Products;
			sourceTree = "<group>";
		};
		8DA4111D262DAC06005B260E /* StarShip */ = {
			isa = PBXGroup;
			children = (
				8DA4113D262DCFED005B260E /* Extensions */,
				8DA41133262DCCFD005B260E /* Application */,
				8DA41122262DAC07005B260E /* ShipListController.swift */,
				8DA41146262DD19B005B260E /* ShipDescriptionController.swift */,
				8DA41136262DCD31005B260E /* Resources */,
				8DA4112C262DAC09005B260E /* Info.plist */,
				8D8224BC262EC60F00633F83 /* StarShip.swift */,
				8D8224BF262ECAED00633F83 /* StarList.swift */,
			);
			path = StarShip;
			sourceTree = "<group>";
		};
		8DA41133262DCCFD005B260E /* Application */ = {
			isa = PBXGroup;
			children = (
				8DA4111E262DAC07005B260E /* AppDelegate.swift */,
				8DA41120262DAC07005B260E /* SceneDelegate.swift */,
			);
			path = Application;
			sourceTree = "<group>";
		};
		8DA41135262DCD16005B260E /* Storyboards */ = {
			isa = PBXGroup;
			children = (
				8DA41124262DAC07005B260E /* Main.storyboard */,
				8DA41129262DAC09005B260E /* LaunchScreen.storyboard */,
				8DA41142262DD048005B260E /* Storyboards.swift */,
			);
			path = Storyboards;
			sourceTree = "<group>";
		};
		8DA41136262DCD31005B260E /* Resources */ = {
			isa = PBXGroup;
			children = (
				8DA41127262DAC09005B260E /* Assets.xcassets */,
				8DA41135262DCD16005B260E /* Storyboards */,
			);
			path = Resources;
			sourceTree = "<group>";
		};
		8DA4113D262DCFED005B260E /* Extensions */ = {
			isa = PBXGroup;
			children = (
				8DA41138262DCFD6005B260E /* NSObjectExtension.swift */,
				8DA4113F262DD020005B260E /* UIViewControllerExtension.swift */,
			);
			path = Extensions;
			sourceTree = "<group>";
		};
		975831ED720334CD0135A3AF /* Frameworks */ = {
			isa = PBXGroup;
			children = (
				D6529D5053075C7406570145 /* Pods_StarShip.framework */,
			);
			name = Frameworks;
			sourceTree = "<group>";
		};
/* End PBXGroup section */

/* Begin PBXNativeTarget section */
		8DA4111A262DAC06005B260E /* StarShip */ = {
			isa = PBXNativeTarget;
			buildConfigurationList = 8DA4112F262DAC09005B260E /* Build configuration list for PBXNativeTarget "StarShip" */;
			buildPhases = (
				E0BF503E97BC6983DC05BBD5 /* [CP] Check Pods Manifest.lock */,
				8DA41117262DAC06005B260E /* Sources */,
				8DA41118262DAC06005B260E /* Frameworks */,
				8DA41119262DAC06005B260E /* Resources */,
				C9E5A7CF5D5243F8ADE45529 /* [CP] Embed Pods Frameworks */,
			);
			buildRules = (
			);
			dependencies = (
			);
			name = StarShip;
			productName = StarShip;
			productReference = 8DA4111B262DAC06005B260E /* StarShip.app */;
			productType = "com.apple.product-type.application";
		};
/* End PBXNativeTarget section */

/* Begin PBXProject section */
		8DA41113262DAC06005B260E /* Project object */ = {
			isa = PBXProject;
			attributes = {
				LastSwiftUpdateCheck = 1240;
				LastUpgradeCheck = 1240;
				TargetAttributes = {
					8DA4111A262DAC06005B260E = {
						CreatedOnToolsVersion = 12.4;
					};
				};
			};
			buildConfigurationList = 8DA41116262DAC06005B260E /* Build configuration list for PBXProject "StarShip" */;
			compatibilityVersion = "Xcode 9.3";
			developmentRegion = en;
			hasScannedForEncodings = 0;
			knownRegions = (
				en,
				Base,
			);
			mainGroup = 8DA41112262DAC06005B260E;
			productRefGroup = 8DA4111C262DAC06005B260E /* Products */;
			projectDirPath = "";
			projectRoot = "";
			targets = (
				8DA4111A262DAC06005B260E /* StarShip */,
			);
		};
/* End PBXProject section */

/* Begin PBXResourcesBuildPhase section */
		8DA41119262DAC06005B260E /* Resources */ = {
			isa = PBXResourcesBuildPhase;
			buildActionMask = 2147483647;
			files = (
				8DA4112B262DAC09005B260E /* LaunchScreen.storyboard in Resources */,
				8DA41128262DAC09005B260E /* Assets.xcassets in Resources */,
				8DA41126262DAC07005B260E /* Main.storyboard in Resources */,
			);
			runOnlyForDeploymentPostprocessing = 0;
		};
/* End PBXResourcesBuildPhase section */

/* Begin PBXShellScriptBuildPhase section */
		C9E5A7CF5D5243F8ADE45529 /* [CP] Embed Pods Frameworks */ = {
			isa = PBXShellScriptBuildPhase;
			buildActionMask = 2147483647;
			files = (
			);
			inputFileListPaths = (
				"${PODS_ROOT}/Target Support Files/Pods-StarShip/Pods-StarShip-frameworks-${CONFIGURATION}-input-files.xcfilelist",
			);
			name = "[CP] Embed Pods Frameworks";
			outputFileListPaths = (
				"${PODS_ROOT}/Target Support Files/Pods-StarShip/Pods-StarShip-frameworks-${CONFIGURATION}-output-files.xcfilelist",
			);
			runOnlyForDeploymentPostprocessing = 0;
			shellPath = /bin/sh;
			shellScript = "\"${PODS_ROOT}/Target Support Files/Pods-StarShip/Pods-StarShip-frameworks.sh\"\n";
			showEnvVarsInLog = 0;
		};
		E0BF503E97BC6983DC05BBD5 /* [CP] Check Pods Manifest.lock */ = {
			isa = PBXShellScriptBuildPhase;
			buildActionMask = 2147483647;
			files = (
			);
			inputFileListPaths = (
			);
			inputPaths = (
				"${PODS_PODFILE_DIR_PATH}/Podfile.lock",
				"${PODS_ROOT}/Manifest.lock",
			);
			name = "[CP] Check Pods Manifest.lock";
			outputFileListPaths = (
			);
			outputPaths = (
				"$(DERIVED_FILE_DIR)/Pods-StarShip-checkManifestLockResult.txt",
			);
			runOnlyForDeploymentPostprocessing = 0;
			shellPath = /bin/sh;
			shellScript = "diff \"${PODS_PODFILE_DIR_PATH}/Podfile.lock\" \"${PODS_ROOT}/Manifest.lock\" > /dev/null\nif [ $? != 0 ] ; then\n    # print error to STDERR\n    echo \"error: The sandbox is not in sync with the Podfile.lock. Run 'pod install' or update your CocoaPods installation.\" >&2\n    exit 1\nfi\n# This output is used by Xcode 'outputs' to avoid re-running this script phase.\necho \"SUCCESS\" > \"${SCRIPT_OUTPUT_FILE_0}\"\n";
			showEnvVarsInLog = 0;
		};
/* End PBXShellScriptBuildPhase section */

/* Begin PBXSourcesBuildPhase section */
		8DA41117262DAC06005B260E /* Sources */ = {
			isa = PBXSourcesBuildPhase;
			buildActionMask = 2147483647;
			files = (
				8DA41143262DD048005B260E /* Storyboards.swift in Sources */,
				8DA41123262DAC07005B260E /* ShipListController.swift in Sources */,
				8DA4111F262DAC07005B260E /* AppDelegate.swift in Sources */,
				8D8224C0262ECAED00633F83 /* StarList.swift in Sources */,
				8DA41140262DD020005B260E /* UIViewControllerExtension.swift in Sources */,
				8DA41147262DD19B005B260E /* ShipDescriptionController.swift in Sources */,
				8DA41121262DAC07005B260E /* SceneDelegate.swift in Sources */,
				8DA41139262DCFD6005B260E /* NSObjectExtension.swift in Sources */,
				8D8224BD262EC60F00633F83 /* StarShip.swift in Sources */,
			);
			runOnlyForDeploymentPostprocessing = 0;
		};
/* End PBXSourcesBuildPhase section */

/* Begin PBXVariantGroup section */
		8DA41124262DAC07005B260E /* Main.storyboard */ = {
			isa = PBXVariantGroup;
			children = (
				8DA41125262DAC07005B260E /* Base */,
			);
			name = Main.storyboard;
			sourceTree = "<group>";
		};
		8DA41129262DAC09005B260E /* LaunchScreen.storyboard */ = {
			isa = PBXVariantGroup;
			children = (
				8DA4112A262DAC09005B260E /* Base */,
			);
			name = LaunchScreen.storyboard;
			sourceTree = "<group>";
		};
/* End PBXVariantGroup section */

/* Begin XCBuildConfiguration section */
		8DA4112D262DAC09005B260E /* Debug */ = {
			isa = XCBuildConfiguration;
			buildSettings = {
				ALWAYS_SEARCH_USER_PATHS = NO;
				CLANG_ANALYZER_NONNULL = YES;
				CLANG_ANALYZER_NUMBER_OBJECT_CONVERSION = YES_AGGRESSIVE;
				CLANG_CXX_LANGUAGE_STANDARD = "gnu++14";
				CLANG_CXX_LIBRARY = "libc++";
				CLANG_ENABLE_MODULES = YES;
				CLANG_ENABLE_OBJC_ARC = YES;
				CLANG_ENABLE_OBJC_WEAK = YES;
				CLANG_WARN_BLOCK_CAPTURE_AUTORELEASING = YES;
				CLANG_WARN_BOOL_CONVERSION = YES;
				CLANG_WARN_COMMA = YES;
				CLANG_WARN_CONSTANT_CONVERSION = YES;
				CLANG_WARN_DEPRECATED_OBJC_IMPLEMENTATIONS = YES;
				CLANG_WARN_DIRECT_OBJC_ISA_USAGE = YES_ERROR;
				CLANG_WARN_DOCUMENTATION_COMMENTS = YES;
				CLANG_WARN_EMPTY_BODY = YES;
				CLANG_WARN_ENUM_CONVERSION = YES;
				CLANG_WARN_INFINITE_RECURSION = YES;
				CLANG_WARN_INT_CONVERSION = YES;
				CLANG_WARN_NON_LITERAL_NULL_CONVERSION = YES;
				CLANG_WARN_OBJC_IMPLICIT_RETAIN_SELF = YES;
				CLANG_WARN_OBJC_LITERAL_CONVERSION = YES;
				CLANG_WARN_OBJC_ROOT_CLASS = YES_ERROR;
				CLANG_WARN_QUOTED_INCLUDE_IN_FRAMEWORK_HEADER = YES;
				CLANG_WARN_RANGE_LOOP_ANALYSIS = YES;
				CLANG_WARN_STRICT_PROTOTYPES = YES;
				CLANG_WARN_SUSPICIOUS_MOVE = YES;
				CLANG_WARN_UNGUARDED_AVAILABILITY = YES_AGGRESSIVE;
				CLANG_WARN_UNREACHABLE_CODE = YES;
				CLANG_WARN__DUPLICATE_METHOD_MATCH = YES;
				COPY_PHASE_STRIP = NO;
				DEBUG_INFORMATION_FORMAT = dwarf;
				ENABLE_STRICT_OBJC_MSGSEND = YES;
				ENABLE_TESTABILITY = YES;
				GCC_C_LANGUAGE_STANDARD = gnu11;
				GCC_DYNAMIC_NO_PIC = NO;
				GCC_NO_COMMON_BLOCKS = YES;
				GCC_OPTIMIZATION_LEVEL = 0;
				GCC_PREPROCESSOR_DEFINITIONS = (
					"DEBUG=1",
					"$(inherited)",
				);
				GCC_WARN_64_TO_32_BIT_CONVERSION = YES;
				GCC_WARN_ABOUT_RETURN_TYPE = YES_ERROR;
				GCC_WARN_UNDECLARED_SELECTOR = YES;
				GCC_WARN_UNINITIALIZED_AUTOS = YES_AGGRESSIVE;
				GCC_WARN_UNUSED_FUNCTION = YES;
				GCC_WARN_UNUSED_VARIABLE = YES;
				IPHONEOS_DEPLOYMENT_TARGET = 14.4;
				MTL_ENABLE_DEBUG_INFO = INCLUDE_SOURCE;
				MTL_FAST_MATH = YES;
				ONLY_ACTIVE_ARCH = YES;
				SDKROOT = iphoneos;
				SWIFT_ACTIVE_COMPILATION_CONDITIONS = DEBUG;
				SWIFT_OPTIMIZATION_LEVEL = "-Onone";
			};
			name = Debug;
		};
		8DA4112E262DAC09005B260E /* Release */ = {
			isa = XCBuildConfiguration;
			buildSettings = {
				ALWAYS_SEARCH_USER_PATHS = NO;
				CLANG_ANALYZER_NONNULL = YES;
				CLANG_ANALYZER_NUMBER_OBJECT_CONVERSION = YES_AGGRESSIVE;
				CLANG_CXX_LANGUAGE_STANDARD = "gnu++14";
				CLANG_CXX_LIBRARY = "libc++";
				CLANG_ENABLE_MODULES = YES;
				CLANG_ENABLE_OBJC_ARC = YES;
				CLANG_ENABLE_OBJC_WEAK = YES;
				CLANG_WARN_BLOCK_CAPTURE_AUTORELEASING = YES;
				CLANG_WARN_BOOL_CONVERSION = YES;
				CLANG_WARN_COMMA = YES;
				CLANG_WARN_CONSTANT_CONVERSION = YES;
				CLANG_WARN_DEPRECATED_OBJC_IMPLEMENTATIONS = YES;
				CLANG_WARN_DIRECT_OBJC_ISA_USAGE = YES_ERROR;
				CLANG_WARN_DOCUMENTATION_COMMENTS = YES;
				CLANG_WARN_EMPTY_BODY = YES;
				CLANG_WARN_ENUM_CONVERSION = YES;
				CLANG_WARN_INFINITE_RECURSION = YES;
				CLANG_WARN_INT_CONVERSION = YES;
				CLANG_WARN_NON_LITERAL_NULL_CONVERSION = YES;
				CLANG_WARN_OBJC_IMPLICIT_RETAIN_SELF = YES;
				CLANG_WARN_OBJC_LITERAL_CONVERSION = YES;
				CLANG_WARN_OBJC_ROOT_CLASS = YES_ERROR;
				CLANG_WARN_QUOTED_INCLUDE_IN_FRAMEWORK_HEADER = YES;
				CLANG_WARN_RANGE_LOOP_ANALYSIS = YES;
				CLANG_WARN_STRICT_PROTOTYPES = YES;
				CLANG_WARN_SUSPICIOUS_MOVE = YES;
				CLANG_WARN_UNGUARDED_AVAILABILITY = YES_AGGRESSIVE;
				CLANG_WARN_UNREACHABLE_CODE = YES;
				CLANG_WARN__DUPLICATE_METHOD_MATCH = YES;
				COPY_PHASE_STRIP = NO;
				DEBUG_INFORMATION_FORMAT = "dwarf-with-dsym";
				ENABLE_NS_ASSERTIONS = NO;
				ENABLE_STRICT_OBJC_MSGSEND = YES;
				GCC_C_LANGUAGE_STANDARD = gnu11;
				GCC_NO_COMMON_BLOCKS = YES;
				GCC_WARN_64_TO_32_BIT_CONVERSION = YES;
				GCC_WARN_ABOUT_RETURN_TYPE = YES_ERROR;
				GCC_WARN_UNDECLARED_SELECTOR = YES;
				GCC_WARN_UNINITIALIZED_AUTOS = YES_AGGRESSIVE;
				GCC_WARN_UNUSED_FUNCTION = YES;
				GCC_WARN_UNUSED_VARIABLE = YES;
				IPHONEOS_DEPLOYMENT_TARGET = 14.4;
				MTL_ENABLE_DEBUG_INFO = NO;
				MTL_FAST_MATH = YES;
				SDKROOT = iphoneos;
				SWIFT_COMPILATION_MODE = wholemodule;
				SWIFT_OPTIMIZATION_LEVEL = "-O";
				VALIDATE_PRODUCT = YES;
			};
			name = Release;
		};
		8DA41130262DAC09005B260E /* Debug */ = {
			isa = XCBuildConfiguration;
			baseConfigurationReference = FBFA1F2232C2142310C6635B /* Pods-StarShip.debug.xcconfig */;
			buildSettings = {
				ASSETCATALOG_COMPILER_APPICON_NAME = AppIcon;
				ASSETCATALOG_COMPILER_GLOBAL_ACCENT_COLOR_NAME = AccentColor;
				CODE_SIGN_STYLE = Automatic;
				DEVELOPMENT_TEAM = B68D4EQP44;
				INFOPLIST_FILE = StarShip/Info.plist;
				LD_RUNPATH_SEARCH_PATHS = (
					"$(inherited)",
					"@executable_path/Frameworks",
				);
				PRODUCT_BUNDLE_IDENTIFIER = com.maximkuba.StarShip;
				PRODUCT_NAME = "$(TARGET_NAME)";
				SWIFT_VERSION = 5.0;
				TARGETED_DEVICE_FAMILY = "1,2";
			};
			name = Debug;
		};
		8DA41131262DAC09005B260E /* Release */ = {
			isa = XCBuildConfiguration;
			baseConfigurationReference = 9BC4DBD1DB283C63553E3793 /* Pods-StarShip.release.xcconfig */;
			buildSettings = {
				ASSETCATALOG_COMPILER_APPICON_NAME = AppIcon;
				ASSETCATALOG_COMPILER_GLOBAL_ACCENT_COLOR_NAME = AccentColor;
				CODE_SIGN_STYLE = Automatic;
				DEVELOPMENT_TEAM = B68D4EQP44;
				INFOPLIST_FILE = StarShip/Info.plist;
				LD_RUNPATH_SEARCH_PATHS = (
					"$(inherited)",
					"@executable_path/Frameworks",
				);
				PRODUCT_BUNDLE_IDENTIFIER = com.maximkuba.StarShip;
				PRODUCT_NAME = "$(TARGET_NAME)";
				SWIFT_VERSION = 5.0;
				TARGETED_DEVICE_FAMILY = "1,2";
			};
			name = Release;
		};
/* End XCBuildConfiguration section */

/* Begin XCConfigurationList section */
		8DA41116262DAC06005B260E /* Build configuration list for PBXProject "StarShip" */ = {
			isa = XCConfigurationList;
			buildConfigurations = (
				8DA4112D262DAC09005B260E /* Debug */,
				8DA4112E262DAC09005B260E /* Release */,
			);
			defaultConfigurationIsVisible = 0;
			defaultConfigurationName = Release;
		};
		8DA4112F262DAC09005B260E /* Build configuration list for PBXNativeTarget "StarShip" */ = {
			isa = XCConfigurationList;
			buildConfigurations = (
				8DA41130262DAC09005B260E /* Debug */,
				8DA41131262DAC09005B260E /* Release */,
			);
			defaultConfigurationIsVisible = 0;
			defaultConfigurationName = Release;
		};
/* End XCConfigurationList section */
	};
	rootObject = 8DA41113262DAC06005B260E /* Project object */;
}
